
Microsoft Visual Studio Solution File, Format Version 11.00
# Visual Studio 2010
Project("{FAE04EC0-301F-11D3-BF4B-00C04F79EFBC}") = "BioSNTR_Plot_Points", "Assembly-CSharp.csproj", "{E222F222-3782-8420-1D90-AD8C6AF380B4}"
EndProject
Project("{FAE04EC0-301F-11D3-BF4B-00C04F79EFBC}") = "BioSNTR_Plot_Points", "Assembly-CSharp-firstpass.csproj", "{A0F69C4D-EFB7-5B5A-1501-E765F3834BD8}"
EndProject
Project("{FAE04EC0-301F-11D3-BF4B-00C04F79EFBC}") = "BioSNTR_Plot_Points", "Assembly-CSharp-Editor-firstpass.csproj", "{9E9F6DB9-0CF4-7408-0EFD-3E177BFBD55C}"
EndProject
Global
	GlobalSection(SolutionConfigurationPlatforms) = preSolution
		Debug|Any CPU = Debug|Any CPU
		Release|Any CPU = Release|Any CPU
	EndGlobalSection
	GlobalSection(ProjectConfigurationPlatforms) = postSolution
		{E222F222-3782-8420-1D90-AD8C6AF380B4}.Debug|Any CPU.ActiveCfg = Debug|Any CPU
		{E222F222-3782-8420-1D90-AD8C6AF380B4}.Debug|Any CPU.Build.0 = Debug|Any CPU
		{E222F222-3782-8420-1D90-AD8C6AF380B4}.Release|Any CPU.ActiveCfg = Release|Any CPU
		{E222F222-3782-8420-1D90-AD8C6AF380B4}.Release|Any CPU.Build.0 = Release|Any CPU
		{A0F69C4D-EFB7-5B5A-1501-E765F3834BD8}.Debug|Any CPU.ActiveCfg = Debug|Any CPU
		{A0F69C4D-EFB7-5B5A-1501-E765F3834BD8}.Debug|Any CPU.Build.0 = Debug|Any CPU
		{A0F69C4D-EFB7-5B5A-1501-E765F3834BD8}.Release|Any CPU.ActiveCfg = Release|Any CPU
		{A0F69C4D-EFB7-5B5A-1501-E765F3834BD8}.Release|Any CPU.Build.0 = Release|Any CPU
		{9E9F6DB9-0CF4-7408-0EFD-3E177BFBD55C}.Debug|Any CPU.ActiveCfg = Debug|Any CPU
		{9E9F6DB9-0CF4-7408-0EFD-3E177BFBD55C}.Debug|Any CPU.Build.0 = Debug|Any CPU
		{9E9F6DB9-0CF4-7408-0EFD-3E177BFBD55C}.Release|Any CPU.ActiveCfg = Release|Any CPU
		{9E9F6DB9-0CF4-7408-0EFD-3E177BFBD55C}.Release|Any CPU.Build.0 = Release|Any CPU
	EndGlobalSection
	GlobalSection(SolutionProperties) = preSolution
		HideSolutionNode = FALSE
	EndGlobalSection
	GlobalSection(MonoDevelopProperties) = preSolution
		StartupItem = Assembly-CSharp.csproj
	EndGlobalSection
EndGlobal
